// !$*UTF8*$!
{
	archiveVersion = 1;
	classes = {
	};
	objectVersion = 50;
	objects = {

/* Begin PBXBuildFile section */
		C445F5122277606100CD2EBF /* Webservice.swift in Sources */ = {isa = PBXBuildFile; fileRef = C445F5112277606100CD2EBF /* Webservice.swift */; };
		C445F5142277609400CD2EBF /* Resource.swift in Sources */ = {isa = PBXBuildFile; fileRef = C445F5132277609400CD2EBF /* Resource.swift */; };
		C445F5182277636D00CD2EBF /* WebserviceTests.swift in Sources */ = {isa = PBXBuildFile; fileRef = C445F5172277636D00CD2EBF /* WebserviceTests.swift */; };
		C445F51B227764D800CD2EBF /* albums.json in Resources */ = {isa = PBXBuildFile; fileRef = C445F51A227764D800CD2EBF /* albums.json */; };
		C445F51D22777B6700CD2EBF /* URLProtocolMock.swift in Sources */ = {isa = PBXBuildFile; fileRef = C445F51C22777B6700CD2EBF /* URLProtocolMock.swift */; };
		C445F51F2277982500CD2EBF /* AlbumCell.swift in Sources */ = {isa = PBXBuildFile; fileRef = C445F51E2277982500CD2EBF /* AlbumCell.swift */; };
		C445F52122779E9400CD2EBF /* AlbumViewModel.swift in Sources */ = {isa = PBXBuildFile; fileRef = C445F52022779E9400CD2EBF /* AlbumViewModel.swift */; };
		C462AD872278701D008A4A61 /* Coordinator.swift in Sources */ = {isa = PBXBuildFile; fileRef = C462AD862278701D008A4A61 /* Coordinator.swift */; };
		C462AD8922787042008A4A61 /* MainCoordinator.swift in Sources */ = {isa = PBXBuildFile; fileRef = C462AD8822787042008A4A61 /* MainCoordinator.swift */; };
		C462AD8C227882AC008A4A61 /* PhotosViewController.swift in Sources */ = {isa = PBXBuildFile; fileRef = C462AD8B227882AC008A4A61 /* PhotosViewController.swift */; };
		C462AD8E2278865B008A4A61 /* PhotoCell.swift in Sources */ = {isa = PBXBuildFile; fileRef = C462AD8D2278865B008A4A61 /* PhotoCell.swift */; };
		C462AD902278867B008A4A61 /* PhotoViewModel.swift in Sources */ = {isa = PBXBuildFile; fileRef = C462AD8F2278867B008A4A61 /* PhotoViewModel.swift */; };
		F105237C22772B74007FB494 /* AppDelegate.swift in Sources */ = {isa = PBXBuildFile; fileRef = F105237B22772B74007FB494 /* AppDelegate.swift */; };
		F105237E22772B76007FB494 /* Assets.xcassets in Resources */ = {isa = PBXBuildFile; fileRef = F105237D22772B76007FB494 /* Assets.xcassets */; };
		F105238122772B76007FB494 /* LaunchScreen.storyboard in Resources */ = {isa = PBXBuildFile; fileRef = F105237F22772B76007FB494 /* LaunchScreen.storyboard */; };
		F1CEB18C22772D17004F5751 /* Main.storyboard in Resources */ = {isa = PBXBuildFile; fileRef = F1CEB18B22772D17004F5751 /* Main.storyboard */; };
		F1CEB18E22772E24004F5751 /* AlbumViewController.swift in Sources */ = {isa = PBXBuildFile; fileRef = F1CEB18D22772E24004F5751 /* AlbumViewController.swift */; };
		F1CEB19422772F75004F5751 /* Album.swift in Sources */ = {isa = PBXBuildFile; fileRef = F1CEB19322772F75004F5751 /* Album.swift */; };
		F1CEB19622773008004F5751 /* Photo.swift in Sources */ = {isa = PBXBuildFile; fileRef = F1CEB19522773008004F5751 /* Photo.swift */; };
/* End PBXBuildFile section */

/* Begin PBXContainerItemProxy section */
		F105238822772B76007FB494 /* PBXContainerItemProxy */ = {
			isa = PBXContainerItemProxy;
			containerPortal = F105237022772B74007FB494 /* Project object */;
			proxyType = 1;
			remoteGlobalIDString = F105237722772B74007FB494;
			remoteInfo = PhotoAlbumViewer;
		};
/* End PBXContainerItemProxy section */

/* Begin PBXFileReference section */
		C445F5112277606100CD2EBF /* Webservice.swift */ = {isa = PBXFileReference; lastKnownFileType = sourcecode.swift; path = Webservice.swift; sourceTree = "<group>"; };
		C445F5132277609400CD2EBF /* Resource.swift */ = {isa = PBXFileReference; lastKnownFileType = sourcecode.swift; path = Resource.swift; sourceTree = "<group>"; };
		C445F5172277636D00CD2EBF /* WebserviceTests.swift */ = {isa = PBXFileReference; lastKnownFileType = sourcecode.swift; path = WebserviceTests.swift; sourceTree = "<group>"; };
		C445F51A227764D800CD2EBF /* albums.json */ = {isa = PBXFileReference; lastKnownFileType = text.json; path = albums.json; sourceTree = "<group>"; };
		C445F51C22777B6700CD2EBF /* URLProtocolMock.swift */ = {isa = PBXFileReference; lastKnownFileType = sourcecode.swift; path = URLProtocolMock.swift; sourceTree = "<group>"; };
		C445F51E2277982500CD2EBF /* AlbumCell.swift */ = {isa = PBXFileReference; lastKnownFileType = sourcecode.swift; path = AlbumCell.swift; sourceTree = "<group>"; };
		C445F52022779E9400CD2EBF /* AlbumViewModel.swift */ = {isa = PBXFileReference; lastKnownFileType = sourcecode.swift; path = AlbumViewModel.swift; sourceTree = "<group>"; };
		C462AD862278701D008A4A61 /* Coordinator.swift */ = {isa = PBXFileReference; lastKnownFileType = sourcecode.swift; path = Coordinator.swift; sourceTree = "<group>"; };
		C462AD8822787042008A4A61 /* MainCoordinator.swift */ = {isa = PBXFileReference; lastKnownFileType = sourcecode.swift; path = MainCoordinator.swift; sourceTree = "<group>"; };
		C462AD8B227882AC008A4A61 /* PhotosViewController.swift */ = {isa = PBXFileReference; lastKnownFileType = sourcecode.swift; path = PhotosViewController.swift; sourceTree = "<group>"; };
		C462AD8D2278865B008A4A61 /* PhotoCell.swift */ = {isa = PBXFileReference; lastKnownFileType = sourcecode.swift; path = PhotoCell.swift; sourceTree = "<group>"; };
		C462AD8F2278867B008A4A61 /* PhotoViewModel.swift */ = {isa = PBXFileReference; lastKnownFileType = sourcecode.swift; path = PhotoViewModel.swift; sourceTree = "<group>"; };
		F105237822772B74007FB494 /* PhotoAlbumViewer.app */ = {isa = PBXFileReference; explicitFileType = wrapper.application; includeInIndex = 0; path = PhotoAlbumViewer.app; sourceTree = BUILT_PRODUCTS_DIR; };
		F105237B22772B74007FB494 /* AppDelegate.swift */ = {isa = PBXFileReference; lastKnownFileType = sourcecode.swift; path = AppDelegate.swift; sourceTree = "<group>"; };
		F105237D22772B76007FB494 /* Assets.xcassets */ = {isa = PBXFileReference; lastKnownFileType = folder.assetcatalog; path = Assets.xcassets; sourceTree = "<group>"; };
		F105238022772B76007FB494 /* Base */ = {isa = PBXFileReference; lastKnownFileType = file.storyboard; name = Base; path = Base.lproj/LaunchScreen.storyboard; sourceTree = "<group>"; };
		F105238222772B76007FB494 /* Info.plist */ = {isa = PBXFileReference; lastKnownFileType = text.plist.xml; path = Info.plist; sourceTree = "<group>"; };
		F105238722772B76007FB494 /* PhotoAlbumViewerTests.xctest */ = {isa = PBXFileReference; explicitFileType = wrapper.cfbundle; includeInIndex = 0; path = PhotoAlbumViewerTests.xctest; sourceTree = BUILT_PRODUCTS_DIR; };
		F105238D22772B76007FB494 /* Info.plist */ = {isa = PBXFileReference; lastKnownFileType = text.plist.xml; path = Info.plist; sourceTree = "<group>"; };
		F1CEB18B22772D17004F5751 /* Main.storyboard */ = {isa = PBXFileReference; lastKnownFileType = file.storyboard; path = Main.storyboard; sourceTree = "<group>"; };
		F1CEB18D22772E24004F5751 /* AlbumViewController.swift */ = {isa = PBXFileReference; lastKnownFileType = sourcecode.swift; path = AlbumViewController.swift; sourceTree = "<group>"; };
		F1CEB19322772F75004F5751 /* Album.swift */ = {isa = PBXFileReference; lastKnownFileType = sourcecode.swift; path = Album.swift; sourceTree = "<group>"; };
		F1CEB19522773008004F5751 /* Photo.swift */ = {isa = PBXFileReference; lastKnownFileType = sourcecode.swift; path = Photo.swift; sourceTree = "<group>"; };
/* End PBXFileReference section */

/* Begin PBXFrameworksBuildPhase section */
		F105237522772B74007FB494 /* Frameworks */ = {
			isa = PBXFrameworksBuildPhase;
			buildActionMask = 2147483647;
			files = (
			);
			runOnlyForDeploymentPostprocessing = 0;
		};
		F105238422772B76007FB494 /* Frameworks */ = {
			isa = PBXFrameworksBuildPhase;
			buildActionMask = 2147483647;
			files = (
			);
			runOnlyForDeploymentPostprocessing = 0;
		};
/* End PBXFrameworksBuildPhase section */

/* Begin PBXGroup section */
		C445F5102277603B00CD2EBF /* Networking */ = {
			isa = PBXGroup;
			children = (
				C445F5112277606100CD2EBF /* Webservice.swift */,
				C445F5132277609400CD2EBF /* Resource.swift */,
			);
			path = Networking;
			sourceTree = "<group>";
		};
		C445F519227764BD00CD2EBF /* Fixtures */ = {
			isa = PBXGroup;
			children = (
				C445F51A227764D800CD2EBF /* albums.json */,
			);
			path = Fixtures;
			sourceTree = "<group>";
		};
		C445F52422786FDD00CD2EBF /* Coordinators */ = {
			isa = PBXGroup;
			children = (
				C462AD862278701D008A4A61 /* Coordinator.swift */,
				C462AD8822787042008A4A61 /* MainCoordinator.swift */,
			);
			path = Coordinators;
			sourceTree = "<group>";
		};
		C462AD8A22788283008A4A61 /* Photos */ = {
			isa = PBXGroup;
			children = (
				C462AD8F2278867B008A4A61 /* PhotoViewModel.swift */,
				C462AD8B227882AC008A4A61 /* PhotosViewController.swift */,
				C462AD8D2278865B008A4A61 /* PhotoCell.swift */,
			);
			path = Photos;
			sourceTree = "<group>";
		};
		F105236F22772B74007FB494 = {
			isa = PBXGroup;
			children = (
				F105237A22772B74007FB494 /* PhotoAlbumViewer */,
				F105238A22772B76007FB494 /* PhotoAlbumViewerTests */,
				F105237922772B74007FB494 /* Products */,
			);
			sourceTree = "<group>";
		};
		F105237922772B74007FB494 /* Products */ = {
			isa = PBXGroup;
			children = (
				F105237822772B74007FB494 /* PhotoAlbumViewer.app */,
				F105238722772B76007FB494 /* PhotoAlbumViewerTests.xctest */,
			);
			name = Products;
			sourceTree = "<group>";
		};
		F105237A22772B74007FB494 /* PhotoAlbumViewer */ = {
			isa = PBXGroup;
			children = (
				C445F52422786FDD00CD2EBF /* Coordinators */,
				C445F5102277603B00CD2EBF /* Networking */,
				F1CEB19222772F61004F5751 /* Models */,
				F1CEB19022772E65004F5751 /* Albums */,
				C462AD8A22788283008A4A61 /* Photos */,
				F105237B22772B74007FB494 /* AppDelegate.swift */,
				F105237D22772B76007FB494 /* Assets.xcassets */,
				F105237F22772B76007FB494 /* LaunchScreen.storyboard */,
				F1CEB18B22772D17004F5751 /* Main.storyboard */,
				F105238222772B76007FB494 /* Info.plist */,
			);
			path = PhotoAlbumViewer;
			sourceTree = "<group>";
		};
		F105238A22772B76007FB494 /* PhotoAlbumViewerTests */ = {
			isa = PBXGroup;
			children = (
				C445F519227764BD00CD2EBF /* Fixtures */,
				C445F5172277636D00CD2EBF /* WebserviceTests.swift */,
				C445F51C22777B6700CD2EBF /* URLProtocolMock.swift */,
				F105238D22772B76007FB494 /* Info.plist */,
			);
			path = PhotoAlbumViewerTests;
			sourceTree = "<group>";
		};
		F1CEB19022772E65004F5751 /* Albums */ = {
			isa = PBXGroup;
			children = (
				C445F52022779E9400CD2EBF /* AlbumViewModel.swift */,
				F1CEB18D22772E24004F5751 /* AlbumViewController.swift */,
				C445F51E2277982500CD2EBF /* AlbumCell.swift */,
			);
			path = Albums;
			sourceTree = "<group>";
		};
		F1CEB19222772F61004F5751 /* Models */ = {
			isa = PBXGroup;
			children = (
				F1CEB19322772F75004F5751 /* Album.swift */,
				F1CEB19522773008004F5751 /* Photo.swift */,
			);
			path = Models;
			sourceTree = "<group>";
		};
/* End PBXGroup section */

/* Begin PBXNativeTarget section */
		F105237722772B74007FB494 /* PhotoAlbumViewer */ = {
			isa = PBXNativeTarget;
			buildConfigurationList = F105239022772B76007FB494 /* Build configuration list for PBXNativeTarget "PhotoAlbumViewer" */;
			buildPhases = (
				F105237422772B74007FB494 /* Sources */,
				F105237522772B74007FB494 /* Frameworks */,
				F105237622772B74007FB494 /* Resources */,
			);
			buildRules = (
			);
			dependencies = (
			);
			name = PhotoAlbumViewer;
			productName = PhotoAlbumViewer;
			productReference = F105237822772B74007FB494 /* PhotoAlbumViewer.app */;
			productType = "com.apple.product-type.application";
		};
		F105238622772B76007FB494 /* PhotoAlbumViewerTests */ = {
			isa = PBXNativeTarget;
			buildConfigurationList = F105239322772B76007FB494 /* Build configuration list for PBXNativeTarget "PhotoAlbumViewerTests" */;
			buildPhases = (
				F105238322772B76007FB494 /* Sources */,
				F105238422772B76007FB494 /* Frameworks */,
				F105238522772B76007FB494 /* Resources */,
			);
			buildRules = (
			);
			dependencies = (
				F105238922772B76007FB494 /* PBXTargetDependency */,
			);
			name = PhotoAlbumViewerTests;
			productName = PhotoAlbumViewerTests;
			productReference = F105238722772B76007FB494 /* PhotoAlbumViewerTests.xctest */;
			productType = "com.apple.product-type.bundle.unit-test";
		};
/* End PBXNativeTarget section */

/* Begin PBXProject section */
		F105237022772B74007FB494 /* Project object */ = {
			isa = PBXProject;
			attributes = {
				LastSwiftUpdateCheck = 1010;
				LastUpgradeCheck = 1010;
				ORGANIZATIONNAME = "Rynaard Burger";
				TargetAttributes = {
					F105237722772B74007FB494 = {
						CreatedOnToolsVersion = 10.1;
					};
					F105238622772B76007FB494 = {
						CreatedOnToolsVersion = 10.1;
						TestTargetID = F105237722772B74007FB494;
					};
				};
			};
			buildConfigurationList = F105237322772B74007FB494 /* Build configuration list for PBXProject "PhotoAlbumViewer" */;
			compatibilityVersion = "Xcode 9.3";
			developmentRegion = en;
			hasScannedForEncodings = 0;
			knownRegions = (
				en,
				Base,
			);
			mainGroup = F105236F22772B74007FB494;
			productRefGroup = F105237922772B74007FB494 /* Products */;
			projectDirPath = "";
			projectRoot = "";
			targets = (
				F105237722772B74007FB494 /* PhotoAlbumViewer */,
				F105238622772B76007FB494 /* PhotoAlbumViewerTests */,
			);
		};
/* End PBXProject section */

/* Begin PBXResourcesBuildPhase section */
		F105237622772B74007FB494 /* Resources */ = {
			isa = PBXResourcesBuildPhase;
			buildActionMask = 2147483647;
			files = (
				F1CEB18C22772D17004F5751 /* Main.storyboard in Resources */,
				F105237E22772B76007FB494 /* Assets.xcassets in Resources */,
				F105238122772B76007FB494 /* LaunchScreen.storyboard in Resources */,
			);
			runOnlyForDeploymentPostprocessing = 0;
		};
		F105238522772B76007FB494 /* Resources */ = {
			isa = PBXResourcesBuildPhase;
			buildActionMask = 2147483647;
			files = (
				C445F51B227764D800CD2EBF /* albums.json in Resources */,
			);
			runOnlyForDeploymentPostprocessing = 0;
		};
/* End PBXResourcesBuildPhase section */

/* Begin PBXSourcesBuildPhase section */
		F105237422772B74007FB494 /* Sources */ = {
			isa = PBXSourcesBuildPhase;
			buildActionMask = 2147483647;
			files = (
				F1CEB19622773008004F5751 /* Photo.swift in Sources */,
				C462AD8C227882AC008A4A61 /* PhotosViewController.swift in Sources */,
				C445F5122277606100CD2EBF /* Webservice.swift in Sources */,
				F1CEB18E22772E24004F5751 /* AlbumViewController.swift in Sources */,
				C462AD8E2278865B008A4A61 /* PhotoCell.swift in Sources */,
				C462AD8922787042008A4A61 /* MainCoordinator.swift in Sources */,
				C445F51F2277982500CD2EBF /* AlbumCell.swift in Sources */,
				C445F52122779E9400CD2EBF /* AlbumViewModel.swift in Sources */,
				F105237C22772B74007FB494 /* AppDelegate.swift in Sources */,
				F1CEB19422772F75004F5751 /* Album.swift in Sources */,
				C462AD902278867B008A4A61 /* PhotoViewModel.swift in Sources */,
				C445F5142277609400CD2EBF /* Resource.swift in Sources */,
				C462AD872278701D008A4A61 /* Coordinator.swift in Sources */,
			);
			runOnlyForDeploymentPostprocessing = 0;
		};
		F105238322772B76007FB494 /* Sources */ = {
			isa = PBXSourcesBuildPhase;
			buildActionMask = 2147483647;
			files = (
				C445F5182277636D00CD2EBF /* WebserviceTests.swift in Sources */,
				C445F51D22777B6700CD2EBF /* URLProtocolMock.swift in Sources */,
			);
			runOnlyForDeploymentPostprocessing = 0;
		};
/* End PBXSourcesBuildPhase section */

/* Begin PBXTargetDependency section */
		F105238922772B76007FB494 /* PBXTargetDependency */ = {
			isa = PBXTargetDependency;
			target = F105237722772B74007FB494 /* PhotoAlbumViewer */;
			targetProxy = F105238822772B76007FB494 /* PBXContainerItemProxy */;
		};
/* End PBXTargetDependency section */

/* Begin PBXVariantGroup section */
		F105237F22772B76007FB494 /* LaunchScreen.storyboard */ = {
			isa = PBXVariantGroup;
			children = (
				F105238022772B76007FB494 /* Base */,
			);
			name = LaunchScreen.storyboard;
			sourceTree = "<group>";
		};
/* End PBXVariantGroup section */

/* Begin XCBuildConfiguration section */
		F105238E22772B76007FB494 /* Debug */ = {
			isa = XCBuildConfiguration;
			buildSettings = {
				ALWAYS_SEARCH_USER_PATHS = NO;
				CLANG_ANALYZER_NONNULL = YES;
				CLANG_ANALYZER_NUMBER_OBJECT_CONVERSION = YES_AGGRESSIVE;
				CLANG_CXX_LANGUAGE_STANDARD = "gnu++14";
				CLANG_CXX_LIBRARY = "libc++";
				CLANG_ENABLE_MODULES = YES;
				CLANG_ENABLE_OBJC_ARC = YES;
				CLANG_ENABLE_OBJC_WEAK = YES;
				CLANG_WARN_BLOCK_CAPTURE_AUTORELEASING = YES;
				CLANG_WARN_BOOL_CONVERSION = YES;
				CLANG_WARN_COMMA = YES;
				CLANG_WARN_CONSTANT_CONVERSION = YES;
				CLANG_WARN_DEPRECATED_OBJC_IMPLEMENTATIONS = YES;
				CLANG_WARN_DIRECT_OBJC_ISA_USAGE = YES_ERROR;
				CLANG_WARN_DOCUMENTATION_COMMENTS = YES;
				CLANG_WARN_EMPTY_BODY = YES;
				CLANG_WARN_ENUM_CONVERSION = YES;
				CLANG_WARN_INFINITE_RECURSION = YES;
				CLANG_WARN_INT_CONVERSION = YES;
				CLANG_WARN_NON_LITERAL_NULL_CONVERSION = YES;
				CLANG_WARN_OBJC_IMPLICIT_RETAIN_SELF = YES;
				CLANG_WARN_OBJC_LITERAL_CONVERSION = YES;
				CLANG_WARN_OBJC_ROOT_CLASS = YES_ERROR;
				CLANG_WARN_RANGE_LOOP_ANALYSIS = YES;
				CLANG_WARN_STRICT_PROTOTYPES = YES;
				CLANG_WARN_SUSPICIOUS_MOVE = YES;
				CLANG_WARN_UNGUARDED_AVAILABILITY = YES_AGGRESSIVE;
				CLANG_WARN_UNREACHABLE_CODE = YES;
				CLANG_WARN__DUPLICATE_METHOD_MATCH = YES;
				CODE_SIGN_IDENTITY = "iPhone Developer";
				COPY_PHASE_STRIP = NO;
				DEBUG_INFORMATION_FORMAT = dwarf;
				ENABLE_STRICT_OBJC_MSGSEND = YES;
				ENABLE_TESTABILITY = YES;
				GCC_C_LANGUAGE_STANDARD = gnu11;
				GCC_DYNAMIC_NO_PIC = NO;
				GCC_NO_COMMON_BLOCKS = YES;
				GCC_OPTIMIZATION_LEVEL = 0;
				GCC_PREPROCESSOR_DEFINITIONS = (
					"DEBUG=1",
					"$(inherited)",
				);
				GCC_WARN_64_TO_32_BIT_CONVERSION = YES;
				GCC_WARN_ABOUT_RETURN_TYPE = YES_ERROR;
				GCC_WARN_UNDECLARED_SELECTOR = YES;
				GCC_WARN_UNINITIALIZED_AUTOS = YES_AGGRESSIVE;
				GCC_WARN_UNUSED_FUNCTION = YES;
				GCC_WARN_UNUSED_VARIABLE = YES;
				IPHONEOS_DEPLOYMENT_TARGET = 12.1;
				MTL_ENABLE_DEBUG_INFO = INCLUDE_SOURCE;
				MTL_FAST_MATH = YES;
				ONLY_ACTIVE_ARCH = YES;
				SDKROOT = iphoneos;
				SWIFT_ACTIVE_COMPILATION_CONDITIONS = DEBUG;
				SWIFT_OPTIMIZATION_LEVEL = "-Onone";
			};
			name = Debug;
		};
		F105238F22772B76007FB494 /* Release */ = {
			isa = XCBuildConfiguration;
			buildSettings = {
				ALWAYS_SEARCH_USER_PATHS = NO;
				CLANG_ANALYZER_NONNULL = YES;
				CLANG_ANALYZER_NUMBER_OBJECT_CONVERSION = YES_AGGRESSIVE;
				CLANG_CXX_LANGUAGE_STANDARD = "gnu++14";
				CLANG_CXX_LIBRARY = "libc++";
				CLANG_ENABLE_MODULES = YES;
				CLANG_ENABLE_OBJC_ARC = YES;
				CLANG_ENABLE_OBJC_WEAK = YES;
				CLANG_WARN_BLOCK_CAPTURE_AUTORELEASING = YES;
				CLANG_WARN_BOOL_CONVERSION = YES;
				CLANG_WARN_COMMA = YES;
				CLANG_WARN_CONSTANT_CONVERSION = YES;
				CLANG_WARN_DEPRECATED_OBJC_IMPLEMENTATIONS = YES;
				CLANG_WARN_DIRECT_OBJC_ISA_USAGE = YES_ERROR;
				CLANG_WARN_DOCUMENTATION_COMMENTS = YES;
				CLANG_WARN_EMPTY_BODY = YES;
				CLANG_WARN_ENUM_CONVERSION = YES;
				CLANG_WARN_INFINITE_RECURSION = YES;
				CLANG_WARN_INT_CONVERSION = YES;
				CLANG_WARN_NON_LITERAL_NULL_CONVERSION = YES;
				CLANG_WARN_OBJC_IMPLICIT_RETAIN_SELF = YES;
				CLANG_WARN_OBJC_LITERAL_CONVERSION = YES;
				CLANG_WARN_OBJC_ROOT_CLASS = YES_ERROR;
				CLANG_WARN_RANGE_LOOP_ANALYSIS = YES;
				CLANG_WARN_STRICT_PROTOTYPES = YES;
				CLANG_WARN_SUSPICIOUS_MOVE = YES;
				CLANG_WARN_UNGUARDED_AVAILABILITY = YES_AGGRESSIVE;
				CLANG_WARN_UNREACHABLE_CODE = YES;
				CLANG_WARN__DUPLICATE_METHOD_MATCH = YES;
				CODE_SIGN_IDENTITY = "iPhone Developer";
				COPY_PHASE_STRIP = NO;
				DEBUG_INFORMATION_FORMAT = "dwarf-with-dsym";
				ENABLE_NS_ASSERTIONS = NO;
				ENABLE_STRICT_OBJC_MSGSEND = YES;
				GCC_C_LANGUAGE_STANDARD = gnu11;
				GCC_NO_COMMON_BLOCKS = YES;
				GCC_WARN_64_TO_32_BIT_CONVERSION = YES;
				GCC_WARN_ABOUT_RETURN_TYPE = YES_ERROR;
				GCC_WARN_UNDECLARED_SELECTOR = YES;
				GCC_WARN_UNINITIALIZED_AUTOS = YES_AGGRESSIVE;
				GCC_WARN_UNUSED_FUNCTION = YES;
				GCC_WARN_UNUSED_VARIABLE = YES;
				IPHONEOS_DEPLOYMENT_TARGET = 12.1;
				MTL_ENABLE_DEBUG_INFO = NO;
				MTL_FAST_MATH = YES;
				SDKROOT = iphoneos;
				SWIFT_COMPILATION_MODE = wholemodule;
				SWIFT_OPTIMIZATION_LEVEL = "-O";
				VALIDATE_PRODUCT = YES;
			};
			name = Release;
		};
		F105239122772B76007FB494 /* Debug */ = {
			isa = XCBuildConfiguration;
			buildSettings = {
				ASSETCATALOG_COMPILER_APPICON_NAME = AppIcon;
				CODE_SIGN_STYLE = Automatic;
				DEVELOPMENT_TEAM = 4LD3CQJL7N;
				INFOPLIST_FILE = PhotoAlbumViewer/Info.plist;
				LD_RUNPATH_SEARCH_PATHS = (
					"$(inherited)",
					"@executable_path/Frameworks",
				);
				PRODUCT_BUNDLE_IDENTIFIER = com.rynaardburger.PhotoAlbumViewer;
				PRODUCT_NAME = "$(TARGET_NAME)";
				SWIFT_VERSION = 4.2;
				TARGETED_DEVICE_FAMILY = "1,2";
			};
			name = Debug;
		};
		F105239222772B76007FB494 /* Release */ = {
			isa = XCBuildConfiguration;
			buildSettings = {
				ASSETCATALOG_COMPILER_APPICON_NAME = AppIcon;
				CODE_SIGN_STYLE = Automatic;
				DEVELOPMENT_TEAM = 4LD3CQJL7N;
				INFOPLIST_FILE = PhotoAlbumViewer/Info.plist;
				LD_RUNPATH_SEARCH_PATHS = (
					"$(inherited)",
					"@executable_path/Frameworks",
				);
				PRODUCT_BUNDLE_IDENTIFIER = com.rynaardburger.PhotoAlbumViewer;
				PRODUCT_NAME = "$(TARGET_NAME)";
				SWIFT_VERSION = 4.2;
				TARGETED_DEVICE_FAMILY = "1,2";
			};
			name = Release;
		};
		F105239422772B76007FB494 /* Debug */ = {
			isa = XCBuildConfiguration;
			buildSettings = {
				ALWAYS_EMBED_SWIFT_STANDARD_LIBRARIES = YES;
				BUNDLE_LOADER = "$(TEST_HOST)";
				CODE_SIGN_STYLE = Automatic;
				DEVELOPMENT_TEAM = 4LD3CQJL7N;
				INFOPLIST_FILE = PhotoAlbumViewerTests/Info.plist;
				LD_RUNPATH_SEARCH_PATHS = (
					"$(inherited)",
					"@executable_path/Frameworks",
					"@loader_path/Frameworks",
				);
				PRODUCT_BUNDLE_IDENTIFIER = com.rynaardburger.PhotoAlbumViewerTests;
				PRODUCT_NAME = "$(TARGET_NAME)";
				SWIFT_VERSION = 4.2;
				TARGETED_DEVICE_FAMILY = "1,2";
				TEST_HOST = "$(BUILT_PRODUCTS_DIR)/PhotoAlbumViewer.app/PhotoAlbumViewer";
			};
			name = Debug;
		};
		F105239522772B76007FB494 /* Release */ = {
			isa = XCBuildConfiguration;
			buildSettings = {
				ALWAYS_EMBED_SWIFT_STANDARD_LIBRARIES = YES;
				BUNDLE_LOADER = "$(TEST_HOST)";
				CODE_SIGN_STYLE = Automatic;
				DEVELOPMENT_TEAM = 4LD3CQJL7N;
				INFOPLIST_FILE = PhotoAlbumViewerTests/Info.plist;
				LD_RUNPATH_SEARCH_PATHS = (
					"$(inherited)",
					"@executable_path/Frameworks",
					"@loader_path/Frameworks",
				);
				PRODUCT_BUNDLE_IDENTIFIER = com.rynaardburger.PhotoAlbumViewerTests;
				PRODUCT_NAME = "$(TARGET_NAME)";
				SWIFT_VERSION = 4.2;
				TARGETED_DEVICE_FAMILY = "1,2";
				TEST_HOST = "$(BUILT_PRODUCTS_DIR)/PhotoAlbumViewer.app/PhotoAlbumViewer";
			};
			name = Release;
		};
/* End XCBuildConfiguration section */

/* Begin XCConfigurationList section */
		F105237322772B74007FB494 /* Build configuration list for PBXProject "PhotoAlbumViewer" */ = {
			isa = XCConfigurationList;
			buildConfigurations = (
				F105238E22772B76007FB494 /* Debug */,
				F105238F22772B76007FB494 /* Release */,
			);
			defaultConfigurationIsVisible = 0;
			defaultConfigurationName = Release;
		};
		F105239022772B76007FB494 /* Build configuration list for PBXNativeTarget "PhotoAlbumViewer" */ = {
			isa = XCConfigurationList;
			buildConfigurations = (
				F105239122772B76007FB494 /* Debug */,
				F105239222772B76007FB494 /* Release */,
			);
			defaultConfigurationIsVisible = 0;
			defaultConfigurationName = Release;
		};
		F105239322772B76007FB494 /* Build configuration list for PBXNativeTarget "PhotoAlbumViewerTests" */ = {
			isa = XCConfigurationList;
			buildConfigurations = (
				F105239422772B76007FB494 /* Debug */,
				F105239522772B76007FB494 /* Release */,
			);
			defaultConfigurationIsVisible = 0;
			defaultConfigurationName = Release;
		};
/* End XCConfigurationList section */
	};
	rootObject = F105237022772B74007FB494 /* Project object */;
}
